
Microsoft Visual Studio Solution File, Format Version 12.00
# Visual Studio 2017
Project("{FAE04EC0-301F-11D3-BF4B-00C04F79EFBC}") = "Flappy Birds", "Flappy Birds.csproj", "{74479AD6-3545-1D29-55C2-D94365446C31}"
EndProject
Project("{FAE04EC0-301F-11D3-BF4B-00C04F79EFBC}") = "Flappy Birds.Editor", "Flappy Birds.Editor.csproj", "{A079F578-0DBC-6176-CDAF-2C013338002B}"
EndProject
Global
	GlobalSection(SolutionConfigurationPlatforms) = preSolution
		Debug|Any CPU = Debug|Any CPU
		Release|Any CPU = Release|Any CPU
	EndGlobalSection
	GlobalSection(ProjectConfigurationPlatforms) = postSolution
		{74479AD6-3545-1D29-55C2-D94365446C31}.Debug|Any CPU.ActiveCfg = Debug|Any CPU
		{74479AD6-3545-1D29-55C2-D94365446C31}.Debug|Any CPU.Build.0 = Debug|Any CPU
		{74479AD6-3545-1D29-55C2-D94365446C31}.Release|Any CPU.ActiveCfg = Release|Any CPU
		{74479AD6-3545-1D29-55C2-D94365446C31}.Release|Any CPU.Build.0 = Release|Any CPU
		{A079F578-0DBC-6176-CDAF-2C013338002B}.Debug|Any CPU.ActiveCfg = Debug|Any CPU
		{A079F578-0DBC-6176-CDAF-2C013338002B}.Debug|Any CPU.Build.0 = Debug|Any CPU
		{A079F578-0DBC-6176-CDAF-2C013338002B}.Release|Any CPU.ActiveCfg = Release|Any CPU
		{A079F578-0DBC-6176-CDAF-2C013338002B}.Release|Any CPU.Build.0 = Release|Any CPU
	EndGlobalSection
	GlobalSection(SolutionProperties) = preSolution
		HideSolutionNode = FALSE
	EndGlobalSection
EndGlobal
